
Microsoft Visual Studio Solution File, Format Version 12.00
# Visual Studio Version 17
VisualStudioVersion = 17.4.33213.308
MinimumVisualStudioVersion = 10.0.40219.1
Project("{FAE04EC0-301F-11D3-BF4B-00C04F79EFBC}") = "ConduitAPI", "ConduitAPI.csproj", "{568F5D44-2F39-4F25-9BFF-E7AEEF564D9B}"
EndProject
Global
	GlobalSection(SolutionConfigurationPlatforms) = preSolution
		Debug|Any CPU = Debug|Any CPU
		Release|Any CPU = Release|Any CPU
	EndGlobalSection
	GlobalSection(ProjectConfigurationPlatforms) = postSolution
		{568F5D44-2F39-4F25-9BFF-E7AEEF564D9B}.Debug|Any CPU.ActiveCfg = Debug|Any CPU
		{568F5D44-2F39-4F25-9BFF-E7AEEF564D9B}.Debug|Any CPU.Build.0 = Debug|Any CPU
		{568F5D44-2F39-4F25-9BFF-E7AEEF564D9B}.Release|Any CPU.ActiveCfg = Release|Any CPU
		{568F5D44-2F39-4F25-9BFF-E7AEEF564D9B}.Release|Any CPU.Build.0 = Release|Any CPU
	EndGlobalSection
	GlobalSection(SolutionProperties) = preSolution
		HideSolutionNode = FALSE
	EndGlobalSection
	GlobalSection(ExtensibilityGlobals) = postSolution
		SolutionGuid = {DD66D185-02FD-4F59-BBB0-A64520DC3F3F}
	EndGlobalSection
EndGlobal
